// !$*UTF8*$!
{
	archiveVersion = 1;
	classes = {
	};
	objectVersion = 46;
	objects = {

/* Begin PBXBuildFile section */
		D829BDE41E4A89CC007BA30E /* AppDelegate.swift in Sources */ = {isa = PBXBuildFile; fileRef = D829BDE31E4A89CC007BA30E /* AppDelegate.swift */; };
		D829BDE91E4A89CC007BA30E /* Main.storyboard in Resources */ = {isa = PBXBuildFile; fileRef = D829BDE71E4A89CC007BA30E /* Main.storyboard */; };
		D829BDEB1E4A89CC007BA30E /* Assets.xcassets in Resources */ = {isa = PBXBuildFile; fileRef = D829BDEA1E4A89CC007BA30E /* Assets.xcassets */; };
		D829BDEE1E4A89CC007BA30E /* LaunchScreen.storyboard in Resources */ = {isa = PBXBuildFile; fileRef = D829BDEC1E4A89CC007BA30E /* LaunchScreen.storyboard */; };
		D829BDF61E4A89E1007BA30E /* TableViewController.swift in Sources */ = {isa = PBXBuildFile; fileRef = D829BDF51E4A89E1007BA30E /* TableViewController.swift */; };
		D829BDF81E4A94D0007BA30E /* DetailViewController.swift in Sources */ = {isa = PBXBuildFile; fileRef = D829BDF71E4A94D0007BA30E /* DetailViewController.swift */; };
		D84B824B1E4D2D2700A0FD3A /* AddEntryViewController.swift in Sources */ = {isa = PBXBuildFile; fileRef = D84B824A1E4D2D2700A0FD3A /* AddEntryViewController.swift */; };
/* End PBXBuildFile section */

/* Begin PBXFileReference section */
		D829BDE01E4A89CC007BA30E /* Tables.app */ = {isa = PBXFileReference; explicitFileType = wrapper.application; includeInIndex = 0; path = Tables.app; sourceTree = BUILT_PRODUCTS_DIR; };
		D829BDE31E4A89CC007BA30E /* AppDelegate.swift */ = {isa = PBXFileReference; lastKnownFileType = sourcecode.swift; path = AppDelegate.swift; sourceTree = "<group>"; };
		D829BDE81E4A89CC007BA30E /* Base */ = {isa = PBXFileReference; lastKnownFileType = file.storyboard; name = Base; path = Base.lproj/Main.storyboard; sourceTree = "<group>"; };
		D829BDEA1E4A89CC007BA30E /* Assets.xcassets */ = {isa = PBXFileReference; lastKnownFileType = folder.assetcatalog; path = Assets.xcassets; sourceTree = "<group>"; };
		D829BDED1E4A89CC007BA30E /* Base */ = {isa = PBXFileReference; lastKnownFileType = file.storyboard; name = Base; path = Base.lproj/LaunchScreen.storyboard; sourceTree = "<group>"; };
		D829BDEF1E4A89CC007BA30E /* Info.plist */ = {isa = PBXFileReference; lastKnownFileType = text.plist.xml; path = Info.plist; sourceTree = "<group>"; };
		D829BDF51E4A89E1007BA30E /* TableViewController.swift */ = {isa = PBXFileReference; fileEncoding = 4; lastKnownFileType = sourcecode.swift; path = TableViewController.swift; sourceTree = "<group>"; };
		D829BDF71E4A94D0007BA30E /* DetailViewController.swift */ = {isa = PBXFileReference; fileEncoding = 4; lastKnownFileType = sourcecode.swift; path = DetailViewController.swift; sourceTree = "<group>"; };
		D84B824A1E4D2D2700A0FD3A /* AddEntryViewController.swift */ = {isa = PBXFileReference; fileEncoding = 4; lastKnownFileType = sourcecode.swift; path = AddEntryViewController.swift; sourceTree = "<group>"; };
/* End PBXFileReference section */

/* Begin PBXFrameworksBuildPhase section */
		D829BDDD1E4A89CB007BA30E /* Frameworks */ = {
			isa = PBXFrameworksBuildPhase;
			buildActionMask = 2147483647;
			files = (
			);
			runOnlyForDeploymentPostprocessing = 0;
		};
/* End PBXFrameworksBuildPhase section */

/* Begin PBXGroup section */
		D829BDD71E4A89CB007BA30E = {
			isa = PBXGroup;
			children = (
				D829BDE21E4A89CC007BA30E /* Tables */,
				D829BDE11E4A89CC007BA30E /* Products */,
			);
			sourceTree = "<group>";
		};
		D829BDE11E4A89CC007BA30E /* Products */ = {
			isa = PBXGroup;
			children = (
				D829BDE01E4A89CC007BA30E /* Tables.app */,
			);
			name = Products;
			sourceTree = "<group>";
		};
		D829BDE21E4A89CC007BA30E /* Tables */ = {
			isa = PBXGroup;
			children = (
				D829BDE31E4A89CC007BA30E /* AppDelegate.swift */,
				D829BDE71E4A89CC007BA30E /* Main.storyboard */,
				D829BDEA1E4A89CC007BA30E /* Assets.xcassets */,
				D829BDEC1E4A89CC007BA30E /* LaunchScreen.storyboard */,
				D829BDEF1E4A89CC007BA30E /* Info.plist */,
				D829BDF51E4A89E1007BA30E /* TableViewController.swift */,
				D829BDF71E4A94D0007BA30E /* DetailViewController.swift */,
				D84B824A1E4D2D2700A0FD3A /* AddEntryViewController.swift */,
			);
			path = Tables;
			sourceTree = "<group>";
		};
/* End PBXGroup section */

/* Begin PBXNativeTarget section */
		D829BDDF1E4A89CB007BA30E /* Tables */ = {
			isa = PBXNativeTarget;
			buildConfigurationList = D829BDF21E4A89CC007BA30E /* Build configuration list for PBXNativeTarget "Tables" */;
			buildPhases = (
				D829BDDC1E4A89CB007BA30E /* Sources */,
				D829BDDD1E4A89CB007BA30E /* Frameworks */,
				D829BDDE1E4A89CB007BA30E /* Resources */,
			);
			buildRules = (
			);
			dependencies = (
			);
			name = Tables;
			productName = Tables;
			productReference = D829BDE01E4A89CC007BA30E /* Tables.app */;
			productType = "com.apple.product-type.application";
		};
/* End PBXNativeTarget section */

/* Begin PBXProject section */
		D829BDD81E4A89CB007BA30E /* Project object */ = {
			isa = PBXProject;
			attributes = {
				LastSwiftUpdateCheck = 0820;
				LastUpgradeCheck = 0820;
				ORGANIZATIONNAME = "Nathan VelaBorja";
				TargetAttributes = {
					D829BDDF1E4A89CB007BA30E = {
						CreatedOnToolsVersion = 8.2.1;
						DevelopmentTeam = 6BW2KG66N2;
						ProvisioningStyle = Automatic;
					};
				};
			};
			buildConfigurationList = D829BDDB1E4A89CB007BA30E /* Build configuration list for PBXProject "Tables" */;
			compatibilityVersion = "Xcode 3.2";
			developmentRegion = English;
			hasScannedForEncodings = 0;
			knownRegions = (
				en,
				Base,
			);
			mainGroup = D829BDD71E4A89CB007BA30E;
			productRefGroup = D829BDE11E4A89CC007BA30E /* Products */;
			projectDirPath = "";
			projectRoot = "";
			targets = (
				D829BDDF1E4A89CB007BA30E /* Tables */,
			);
		};
/* End PBXProject section */

/* Begin PBXResourcesBuildPhase section */
		D829BDDE1E4A89CB007BA30E /* Resources */ = {
			isa = PBXResourcesBuildPhase;
			buildActionMask = 2147483647;
			files = (
				D829BDEE1E4A89CC007BA30E /* LaunchScreen.storyboard in Resources */,
				D829BDEB1E4A89CC007BA30E /* Assets.xcassets in Resources */,
				D829BDE91E4A89CC007BA30E /* Main.storyboard in Resources */,
			);
			runOnlyForDeploymentPostprocessing = 0;
		};
/* End PBXResourcesBuildPhase section */

/* Begin PBXSourcesBuildPhase section */
		D829BDDC1E4A89CB007BA30E /* Sources */ = {
			isa = PBXSourcesBuildPhase;
			buildActionMask = 2147483647;
			files = (
				D829BDF81E4A94D0007BA30E /* DetailViewController.swift in Sources */,
				D84B824B1E4D2D2700A0FD3A /* AddEntryViewController.swift in Sources */,
				D829BDF61E4A89E1007BA30E /* TableViewController.swift in Sources */,
				D829BDE41E4A89CC007BA30E /* AppDelegate.swift in Sources */,
			);
			runOnlyForDeploymentPostprocessing = 0;
		};
/* End PBXSourcesBuildPhase section */

/* Begin PBXVariantGroup section */
		D829BDE71E4A89CC007BA30E /* Main.storyboard */ = {
			isa = PBXVariantGroup;
			children = (
				D829BDE81E4A89CC007BA30E /* Base */,
			);
			name = Main.storyboard;
			sourceTree = "<group>";
		};
		D829BDEC1E4A89CC007BA30E /* LaunchScreen.storyboard */ = {
			isa = PBXVariantGroup;
			children = (
				D829BDED1E4A89CC007BA30E /* Base */,
			);
			name = LaunchScreen.storyboard;
			sourceTree = "<group>";
		};
/* End PBXVariantGroup section */

/* Begin XCBuildConfiguration section */
		D829BDF01E4A89CC007BA30E /* Debug */ = {
			isa = XCBuildConfiguration;
			buildSettings = {
				ALWAYS_SEARCH_USER_PATHS = NO;
				CLANG_ANALYZER_NONNULL = YES;
				CLANG_CXX_LANGUAGE_STANDARD = "gnu++0x";
				CLANG_CXX_LIBRARY = "libc++";
				CLANG_ENABLE_MODULES = YES;
				CLANG_ENABLE_OBJC_ARC = YES;
				CLANG_WARN_BOOL_CONVERSION = YES;
				CLANG_WARN_CONSTANT_CONVERSION = YES;
				CLANG_WARN_DIRECT_OBJC_ISA_USAGE = YES_ERROR;
				CLANG_WARN_DOCUMENTATION_COMMENTS = YES;
				CLANG_WARN_EMPTY_BODY = YES;
				CLANG_WARN_ENUM_CONVERSION = YES;
				CLANG_WARN_INFINITE_RECURSION = YES;
				CLANG_WARN_INT_CONVERSION = YES;
				CLANG_WARN_OBJC_ROOT_CLASS = YES_ERROR;
				CLANG_WARN_SUSPICIOUS_MOVE = YES;
				CLANG_WARN_UNREACHABLE_CODE = YES;
				CLANG_WARN__DUPLICATE_METHOD_MATCH = YES;
				"CODE_SIGN_IDENTITY[sdk=iphoneos*]" = "iPhone Developer";
				COPY_PHASE_STRIP = NO;
				DEBUG_INFORMATION_FORMAT = dwarf;
				ENABLE_STRICT_OBJC_MSGSEND = YES;
				ENABLE_TESTABILITY = YES;
				GCC_C_LANGUAGE_STANDARD = gnu99;
				GCC_DYNAMIC_NO_PIC = NO;
				GCC_NO_COMMON_BLOCKS = YES;
				GCC_OPTIMIZATION_LEVEL = 0;
				GCC_PREPROCESSOR_DEFINITIONS = (
					"DEBUG=1",
					"$(inherited)",
				);
				GCC_WARN_64_TO_32_BIT_CONVERSION = YES;
				GCC_WARN_ABOUT_RETURN_TYPE = YES_ERROR;
				GCC_WARN_UNDECLARED_SELECTOR = YES;
				GCC_WARN_UNINITIALIZED_AUTOS = YES_AGGRESSIVE;
				GCC_WARN_UNUSED_FUNCTION = YES;
				GCC_WARN_UNUSED_VARIABLE = YES;
				IPHONEOS_DEPLOYMENT_TARGET = 10.2;
				MTL_ENABLE_DEBUG_INFO = YES;
				ONLY_ACTIVE_ARCH = YES;
				SDKROOT = iphoneos;
				SWIFT_ACTIVE_COMPILATION_CONDITIONS = DEBUG;
				SWIFT_OPTIMIZATION_LEVEL = "-Onone";
				TARGETED_DEVICE_FAMILY = "1,2";
			};
			name = Debug;
		};
		D829BDF11E4A89CC007BA30E /* Release */ = {
			isa = XCBuildConfiguration;
			buildSettings = {
				ALWAYS_SEARCH_USER_PATHS = NO;
				CLANG_ANALYZER_NONNULL = YES;
				CLANG_CXX_LANGUAGE_STANDARD = "gnu++0x";
				CLANG_CXX_LIBRARY = "libc++";
				CLANG_ENABLE_MODULES = YES;
				CLANG_ENABLE_OBJC_ARC = YES;
				CLANG_WARN_BOOL_CONVERSION = YES;
				CLANG_WARN_CONSTANT_CONVERSION = YES;
				CLANG_WARN_DIRECT_OBJC_ISA_USAGE = YES_ERROR;
				CLANG_WARN_DOCUMENTATION_COMMENTS = YES;
				CLANG_WARN_EMPTY_BODY = YES;
				CLANG_WARN_ENUM_CONVERSION = YES;
				CLANG_WARN_INFINITE_RECURSION = YES;
				CLANG_WARN_INT_CONVERSION = YES;
				CLANG_WARN_OBJC_ROOT_CLASS = YES_ERROR;
				CLANG_WARN_SUSPICIOUS_MOVE = YES;
				CLANG_WARN_UNREACHABLE_CODE = YES;
				CLANG_WARN__DUPLICATE_METHOD_MATCH = YES;
				"CODE_SIGN_IDENTITY[sdk=iphoneos*]" = "iPhone Developer";
				COPY_PHASE_STRIP = NO;
				DEBUG_INFORMATION_FORMAT = "dwarf-with-dsym";
				ENABLE_NS_ASSERTIONS = NO;
				ENABLE_STRICT_OBJC_MSGSEND = YES;
				GCC_C_LANGUAGE_STANDARD = gnu99;
				GCC_NO_COMMON_BLOCKS = YES;
				GCC_WARN_64_TO_32_BIT_CONVERSION = YES;
				GCC_WARN_ABOUT_RETURN_TYPE = YES_ERROR;
				GCC_WARN_UNDECLARED_SELECTOR = YES;
				GCC_WARN_UNINITIALIZED_AUTOS = YES_AGGRESSIVE;
				GCC_WARN_UNUSED_FUNCTION = YES;
				GCC_WARN_UNUSED_VARIABLE = YES;
				IPHONEOS_DEPLOYMENT_TARGET = 10.2;
				MTL_ENABLE_DEBUG_INFO = NO;
				SDKROOT = iphoneos;
				SWIFT_OPTIMIZATION_LEVEL = "-Owholemodule";
				TARGETED_DEVICE_FAMILY = "1,2";
				VALIDATE_PRODUCT = YES;
			};
			name = Release;
		};
		D829BDF31E4A89CC007BA30E /* Debug */ = {
			isa = XCBuildConfiguration;
			buildSettings = {
				ASSETCATALOG_COMPILER_APPICON_NAME = AppIcon;
				DEVELOPMENT_TEAM = 6BW2KG66N2;
				INFOPLIST_FILE = Tables/Info.plist;
				LD_RUNPATH_SEARCH_PATHS = "$(inherited) @executable_path/Frameworks";
				PRODUCT_BUNDLE_IDENTIFIER = VelaBorja.Tables;
				PRODUCT_NAME = "$(TARGET_NAME)";
				SWIFT_VERSION = 3.0;
			};
			name = Debug;
		};
		D829BDF41E4A89CC007BA30E /* Release */ = {
			isa = XCBuildConfiguration;
			buildSettings = {
				ASSETCATALOG_COMPILER_APPICON_NAME = AppIcon;
				DEVELOPMENT_TEAM = 6BW2KG66N2;
				INFOPLIST_FILE = Tables/Info.plist;
				LD_RUNPATH_SEARCH_PATHS = "$(inherited) @executable_path/Frameworks";
				PRODUCT_BUNDLE_IDENTIFIER = VelaBorja.Tables;
				PRODUCT_NAME = "$(TARGET_NAME)";
				SWIFT_VERSION = 3.0;
			};
			name = Release;
		};
/* End XCBuildConfiguration section */

/* Begin XCConfigurationList section */
		D829BDDB1E4A89CB007BA30E /* Build configuration list for PBXProject "Tables" */ = {
			isa = XCConfigurationList;
			buildConfigurations = (
				D829BDF01E4A89CC007BA30E /* Debug */,
				D829BDF11E4A89CC007BA30E /* Release */,
			);
			defaultConfigurationIsVisible = 0;
			defaultConfigurationName = Release;
		};
		D829BDF21E4A89CC007BA30E /* Build configuration list for PBXNativeTarget "Tables" */ = {
			isa = XCConfigurationList;
			buildConfigurations = (
				D829BDF31E4A89CC007BA30E /* Debug */,
				D829BDF41E4A89CC007BA30E /* Release */,
			);
			defaultConfigurationIsVisible = 0;
			defaultConfigurationName = Release;
		};
/* End XCConfigurationList section */
	};
	rootObject = D829BDD81E4A89CB007BA30E /* Project object */;
}
